
Microsoft Visual Studio Solution File, Format Version 12.00
# Visual Studio Version 17
VisualStudioVersion = 17.4.33213.308
MinimumVisualStudioVersion = 10.0.40219.1
Project("{FAE04EC0-301F-11D3-BF4B-00C04F79EFBC}") = "WebApp", "WebApp\WebApp.csproj", "{EEE781F7-BAB5-4664-8058-A5E98FC1CD00}"
EndProject
Global
	GlobalSection(SolutionConfigurationPlatforms) = preSolution
		Debug|Any CPU = Debug|Any CPU
		Release|Any CPU = Release|Any CPU
	EndGlobalSection
	GlobalSection(ProjectConfigurationPlatforms) = postSolution
		{EEE781F7-BAB5-4664-8058-A5E98FC1CD00}.Debug|Any CPU.ActiveCfg = Debug|Any CPU
		{EEE781F7-BAB5-4664-8058-A5E98FC1CD00}.Debug|Any CPU.Build.0 = Debug|Any CPU
		{EEE781F7-BAB5-4664-8058-A5E98FC1CD00}.Release|Any CPU.ActiveCfg = Release|Any CPU
		{EEE781F7-BAB5-4664-8058-A5E98FC1CD00}.Release|Any CPU.Build.0 = Release|Any CPU
	EndGlobalSection
	GlobalSection(SolutionProperties) = preSolution
		HideSolutionNode = FALSE
	EndGlobalSection
	GlobalSection(ExtensibilityGlobals) = postSolution
		SolutionGuid = {949464AC-47BA-486B-9960-3A712CE45EBE}
	EndGlobalSection
EndGlobal
